
Microsoft Visual Studio Solution File, Format Version 12.00
# Visual Studio for Mac
Project("{FAE04EC0-301F-11D3-BF4B-00C04F79EFBC}") = "Assembly-CSharp", "Assembly-CSharp.csproj", "{1A600BE0-DE2C-3E76-A7F3-114DB219EE31}"
EndProject
Project("{FAE04EC0-301F-11D3-BF4B-00C04F79EFBC}") = "Assembly-CSharp-firstpass", "Assembly-CSharp-firstpass.csproj", "{F04DBD0A-E0A6-5346-1EA7-CFBCBCB9FA50}"
EndProject
Project("{FAE04EC0-301F-11D3-BF4B-00C04F79EFBC}") = "Assembly-CSharp-Editor-firstpass", "Assembly-CSharp-Editor-firstpass.csproj", "{9CA6FDD6-7675-40F0-210E-465117AB7261}"
EndProject
Global
	GlobalSection(SolutionConfigurationPlatforms) = preSolution
		Debug|Any CPU = Debug|Any CPU
		Release|Any CPU = Release|Any CPU
	EndGlobalSection
	GlobalSection(ProjectConfigurationPlatforms) = postSolution
		{1A600BE0-DE2C-3E76-A7F3-114DB219EE31}.Debug|Any CPU.ActiveCfg = Debug|Any CPU
		{1A600BE0-DE2C-3E76-A7F3-114DB219EE31}.Debug|Any CPU.Build.0 = Debug|Any CPU
		{1A600BE0-DE2C-3E76-A7F3-114DB219EE31}.Release|Any CPU.ActiveCfg = Release|Any CPU
		{1A600BE0-DE2C-3E76-A7F3-114DB219EE31}.Release|Any CPU.Build.0 = Release|Any CPU
		{F04DBD0A-E0A6-5346-1EA7-CFBCBCB9FA50}.Debug|Any CPU.ActiveCfg = Debug|Any CPU
		{F04DBD0A-E0A6-5346-1EA7-CFBCBCB9FA50}.Debug|Any CPU.Build.0 = Debug|Any CPU
		{F04DBD0A-E0A6-5346-1EA7-CFBCBCB9FA50}.Release|Any CPU.ActiveCfg = Release|Any CPU
		{F04DBD0A-E0A6-5346-1EA7-CFBCBCB9FA50}.Release|Any CPU.Build.0 = Release|Any CPU
		{9CA6FDD6-7675-40F0-210E-465117AB7261}.Debug|Any CPU.ActiveCfg = Debug|Any CPU
		{9CA6FDD6-7675-40F0-210E-465117AB7261}.Debug|Any CPU.Build.0 = Debug|Any CPU
		{9CA6FDD6-7675-40F0-210E-465117AB7261}.Release|Any CPU.ActiveCfg = Release|Any CPU
		{9CA6FDD6-7675-40F0-210E-465117AB7261}.Release|Any CPU.Build.0 = Release|Any CPU
	EndGlobalSection
	GlobalSection(SolutionProperties) = preSolution
		HideSolutionNode = FALSE
	EndGlobalSection
EndGlobal
